{
  "version": 4,
  "terraform_version": "1.7.2",
  "serial": 105,
  "lineage": "14bfb5d5-5027-1c76-a28f-4c33b85a187a",
  "outputs": {},
  "resources": [
    {
      "mode": "managed",
      "type": "azurerm_cdn_endpoint",
      "name": "cdnendpoint",
      "provider": "provider[\"registry.terraform.io/hashicorp/azurerm\"]",
      "instances": [
        {
          "schema_version": 1,
          "attributes": {
            "content_types_to_compress": [
              "application/eot",
              "application/font",
              "application/font-sfnt",
              "application/javascript",
              "application/json",
              "application/opentype",
              "application/otf",
              "application/pkcs7-mime",
              "application/truetype",
              "application/ttf",
              "application/vnd.ms-fontobject",
              "application/x-font-opentype",
              "application/x-font-truetype",
              "application/x-font-ttf",
              "application/x-httpd-cgi",
              "application/x-javascript",
              "application/x-mpegurl",
              "application/x-opentype",
              "application/x-otf",
              "application/x-perl",
              "application/x-ttf",
              "application/xhtml+xml",
              "application/xml",
              "application/xml+rss",
              "font/eot",
              "font/opentype",
              "font/otf",
              "font/ttf",
              "image/svg+xml",
              "text/css",
              "text/csv",
              "text/html",
              "text/javascript",
              "text/js",
              "text/plain",
              "text/richtext",
              "text/tab-separated-values",
              "text/x-component",
              "text/x-java-source",
              "text/x-script",
              "text/xml"
            ],
            "delivery_rule": [
              {
                "cache_expiration_action": [],
                "cache_key_query_string_action": [],
                "cookies_condition": [],
                "device_condition": [],
                "http_version_condition": [],
                "modify_request_header_action": [],
                "modify_response_header_action": [],
                "name": "HTTP",
                "order": 1,
                "post_arg_condition": [],
                "query_string_condition": [],
                "remote_address_condition": [],
                "request_body_condition": [],
                "request_header_condition": [],
                "request_method_condition": [],
                "request_scheme_condition": [
                  {
                    "match_values": [
                      "HTTP"
                    ],
                    "negate_condition": false,
                    "operator": "Equal"
                  }
                ],
                "request_uri_condition": [],
                "url_file_extension_condition": [],
                "url_file_name_condition": [],
                "url_path_condition": [],
                "url_redirect_action": [
                  {
                    "fragment": "",
                    "hostname": "",
                    "path": "",
                    "protocol": "Https",
                    "query_string": "",
                    "redirect_type": "Found"
                  }
                ],
                "url_rewrite_action": []
              }
            ],
            "fqdn": "cdneptwcus0cloudresume1.azureedge.net",
            "geo_filter": [],
            "global_delivery_rule": [],
            "id": "/subscriptions/c8bf815a-c370-4cbf-932f-c6d7340752f6/resourceGroups/rgtwcus0cloudresume1/providers/Microsoft.Cdn/profiles/cdntwcus0cloudresume1/endpoints/cdneptwcus0cloudresume1",
            "is_compression_enabled": true,
            "is_http_allowed": true,
            "is_https_allowed": true,
            "location": "centralus",
            "name": "cdneptwcus0cloudresume1",
            "optimization_type": "",
            "origin": [
              {
                "host_name": "sttwcus0cloudresume1.z19.web.core.windows.net",
                "http_port": 80,
                "https_port": 443,
                "name": "st"
              }
            ],
            "origin_host_header": "",
            "origin_path": "",
            "probe_path": "",
            "profile_name": "cdntwcus0cloudresume1",
            "querystring_caching_behaviour": "IgnoreQueryString",
            "resource_group_name": "rgtwcus0cloudresume1",
            "tags": {},
            "timeouts": null
          },
          "sensitive_attributes": [],
          "private": "eyJlMmJmYjczMC1lY2FhLTExZTYtOGY4OC0zNDM2M2JjN2M0YzAiOnsiY3JlYXRlIjoxODAwMDAwMDAwMDAwLCJkZWxldGUiOjE4MDAwMDAwMDAwMDAsInJlYWQiOjMwMDAwMDAwMDAwMCwidXBkYXRlIjoxODAwMDAwMDAwMDAwfSwic2NoZW1hX3ZlcnNpb24iOiIxIn0=",
          "dependencies": [
            "azurerm_cdn_profile.cdn",
            "azurerm_resource_group.rg",
            "azurerm_storage_account.st"
          ]
        }
      ]
    },
    {
      "mode": "managed",
      "type": "azurerm_cdn_endpoint_custom_domain",
      "name": "example",
      "provider": "provider[\"registry.terraform.io/hashicorp/azurerm\"]",
      "instances": [
        {
          "schema_version": 0,
          "attributes": {
            "cdn_endpoint_id": "/subscriptions/c8bf815a-c370-4cbf-932f-c6d7340752f6/resourceGroups/rgtwcus0cloudresume1/providers/Microsoft.Cdn/profiles/cdntwcus0cloudresume1/endpoints/cdneptwcus0cloudresume1",
            "cdn_managed_https": [
              {
                "certificate_type": "Dedicated",
                "protocol_type": "ServerNameIndication",
                "tls_version": "TLS12"
              }
            ],
            "host_name": "resume.twinsley.com",
            "id": "/subscriptions/c8bf815a-c370-4cbf-932f-c6d7340752f6/resourceGroups/rgtwcus0cloudresume1/providers/Microsoft.Cdn/profiles/cdntwcus0cloudresume1/endpoints/cdneptwcus0cloudresume1/customDomains/cdnecdtwcus0cloudresume1",
            "name": "cdnecdtwcus0cloudresume1",
            "timeouts": null,
            "user_managed_https": []
          },
          "sensitive_attributes": [],
          "private": "eyJlMmJmYjczMC1lY2FhLTExZTYtOGY4OC0zNDM2M2JjN2M0YzAiOnsiY3JlYXRlIjo0MzIwMDAwMDAwMDAwMCwiZGVsZXRlIjo0MzIwMDAwMDAwMDAwMCwicmVhZCI6MzAwMDAwMDAwMDAwLCJ1cGRhdGUiOjg2NDAwMDAwMDAwMDAwfX0=",
          "dependencies": [
            "azurerm_cdn_endpoint.cdnendpoint",
            "azurerm_cdn_profile.cdn",
            "azurerm_resource_group.rg",
            "azurerm_storage_account.st"
          ]
        }
      ]
    },
    {
      "mode": "managed",
      "type": "azurerm_cdn_profile",
      "name": "cdn",
      "provider": "provider[\"registry.terraform.io/hashicorp/azurerm\"]",
      "instances": [
        {
          "schema_version": 1,
          "attributes": {
            "id": "/subscriptions/c8bf815a-c370-4cbf-932f-c6d7340752f6/resourceGroups/rgtwcus0cloudresume1/providers/Microsoft.Cdn/profiles/cdntwcus0cloudresume1",
            "location": "centralus",
            "name": "cdntwcus0cloudresume1",
            "resource_group_name": "rgtwcus0cloudresume1",
            "sku": "Standard_Microsoft",
            "tags": {},
            "timeouts": null
          },
          "sensitive_attributes": [],
          "private": "eyJlMmJmYjczMC1lY2FhLTExZTYtOGY4OC0zNDM2M2JjN2M0YzAiOnsiY3JlYXRlIjoxODAwMDAwMDAwMDAwLCJkZWxldGUiOjE4MDAwMDAwMDAwMDAsInJlYWQiOjMwMDAwMDAwMDAwMCwidXBkYXRlIjoxODAwMDAwMDAwMDAwfSwic2NoZW1hX3ZlcnNpb24iOiIxIn0=",
          "dependencies": [
            "azurerm_resource_group.rg"
          ]
        }
      ]
    },
    {
      "mode": "managed",
      "type": "azurerm_resource_group",
      "name": "rg",
      "provider": "provider[\"registry.terraform.io/hashicorp/azurerm\"]",
      "instances": [
        {
          "schema_version": 0,
          "attributes": {
            "id": "/subscriptions/c8bf815a-c370-4cbf-932f-c6d7340752f6/resourceGroups/rgtwcus0cloudresume1",
            "location": "centralus",
            "managed_by": "",
            "name": "rgtwcus0cloudresume1",
            "tags": {
              "Environment": "Prod",
              "Project": "Cloud Resume Challenge",
              "Team": "DevOps"
            },
            "timeouts": null
          },
          "sensitive_attributes": [],
          "private": "eyJlMmJmYjczMC1lY2FhLTExZTYtOGY4OC0zNDM2M2JjN2M0YzAiOnsiY3JlYXRlIjo1NDAwMDAwMDAwMDAwLCJkZWxldGUiOjU0MDAwMDAwMDAwMDAsInJlYWQiOjMwMDAwMDAwMDAwMCwidXBkYXRlIjo1NDAwMDAwMDAwMDAwfX0="
        }
      ]
    },
    {
      "mode": "managed",
      "type": "azurerm_storage_account",
      "name": "st",
      "provider": "provider[\"registry.terraform.io/hashicorp/azurerm\"]",
      "instances": [
        {
          "schema_version": 4,
          "attributes": {
            "access_tier": "Hot",
            "account_kind": "StorageV2",
            "account_replication_type": "GRS",
            "account_tier": "Standard",
            "allow_nested_items_to_be_public": true,
            "allowed_copy_scope": "",
            "azure_files_authentication": [],
            "blob_properties": [
              {
                "change_feed_enabled": false,
                "change_feed_retention_in_days": 0,
                "container_delete_retention_policy": [],
                "cors_rule": [],
                "default_service_version": "",
                "delete_retention_policy": [],
                "last_access_time_enabled": false,
                "restore_policy": [],
                "versioning_enabled": false
              }
            ],
            "cross_tenant_replication_enabled": true,
            "custom_domain": [],
            "customer_managed_key": [],
            "default_to_oauth_authentication": false,
            "edge_zone": "",
            "enable_https_traffic_only": true,
            "id": "/subscriptions/c8bf815a-c370-4cbf-932f-c6d7340752f6/resourceGroups/rgtwcus0cloudresume1/providers/Microsoft.Storage/storageAccounts/sttwcus0cloudresume1",
            "identity": [],
            "immutability_policy": [],
            "infrastructure_encryption_enabled": false,
            "is_hns_enabled": false,
            "large_file_share_enabled": null,
            "location": "centralus",
            "min_tls_version": "TLS1_2",
            "name": "sttwcus0cloudresume1",
            "network_rules": [
              {
                "bypass": [
                  "AzureServices"
                ],
                "default_action": "Allow",
                "ip_rules": [],
                "private_link_access": [],
                "virtual_network_subnet_ids": []
              }
            ],
            "nfsv3_enabled": false,
            "primary_access_key": "CU7t0jJ7Oadl4gl6Cn/VdBes4a5SeLD7YzBGRGs8Q8KfMBulv+F4VaclUu/ul/JUzpQ3t1eKr73Q+AStpy4SiA==",
            "primary_blob_connection_string": "DefaultEndpointsProtocol=https;BlobEndpoint=https://sttwcus0cloudresume1.blob.core.windows.net/;AccountName=sttwcus0cloudresume1;AccountKey=CU7t0jJ7Oadl4gl6Cn/VdBes4a5SeLD7YzBGRGs8Q8KfMBulv+F4VaclUu/ul/JUzpQ3t1eKr73Q+AStpy4SiA==",
            "primary_blob_endpoint": "https://sttwcus0cloudresume1.blob.core.windows.net/",
            "primary_blob_host": "sttwcus0cloudresume1.blob.core.windows.net",
            "primary_blob_internet_endpoint": null,
            "primary_blob_internet_host": null,
            "primary_blob_microsoft_endpoint": null,
            "primary_blob_microsoft_host": null,
            "primary_connection_string": "DefaultEndpointsProtocol=https;AccountName=sttwcus0cloudresume1;AccountKey=CU7t0jJ7Oadl4gl6Cn/VdBes4a5SeLD7YzBGRGs8Q8KfMBulv+F4VaclUu/ul/JUzpQ3t1eKr73Q+AStpy4SiA==;EndpointSuffix=core.windows.net",
            "primary_dfs_endpoint": "https://sttwcus0cloudresume1.dfs.core.windows.net/",
            "primary_dfs_host": "sttwcus0cloudresume1.dfs.core.windows.net",
            "primary_dfs_internet_endpoint": null,
            "primary_dfs_internet_host": null,
            "primary_dfs_microsoft_endpoint": null,
            "primary_dfs_microsoft_host": null,
            "primary_file_endpoint": "https://sttwcus0cloudresume1.file.core.windows.net/",
            "primary_file_host": "sttwcus0cloudresume1.file.core.windows.net",
            "primary_file_internet_endpoint": null,
            "primary_file_internet_host": null,
            "primary_file_microsoft_endpoint": null,
            "primary_file_microsoft_host": null,
            "primary_location": "centralus",
            "primary_queue_endpoint": "https://sttwcus0cloudresume1.queue.core.windows.net/",
            "primary_queue_host": "sttwcus0cloudresume1.queue.core.windows.net",
            "primary_queue_microsoft_endpoint": null,
            "primary_queue_microsoft_host": null,
            "primary_table_endpoint": "https://sttwcus0cloudresume1.table.core.windows.net/",
            "primary_table_host": "sttwcus0cloudresume1.table.core.windows.net",
            "primary_table_microsoft_endpoint": null,
            "primary_table_microsoft_host": null,
            "primary_web_endpoint": "https://sttwcus0cloudresume1.z19.web.core.windows.net/",
            "primary_web_host": "sttwcus0cloudresume1.z19.web.core.windows.net",
            "primary_web_internet_endpoint": null,
            "primary_web_internet_host": null,
            "primary_web_microsoft_endpoint": null,
            "primary_web_microsoft_host": null,
            "public_network_access_enabled": true,
            "queue_encryption_key_type": "Service",
            "queue_properties": [
              {
                "cors_rule": [],
                "hour_metrics": [
                  {
                    "enabled": true,
                    "include_apis": true,
                    "retention_policy_days": 7,
                    "version": "1.0"
                  }
                ],
                "logging": [
                  {
                    "delete": false,
                    "read": false,
                    "retention_policy_days": 0,
                    "version": "1.0",
                    "write": false
                  }
                ],
                "minute_metrics": [
                  {
                    "enabled": false,
                    "include_apis": false,
                    "retention_policy_days": 0,
                    "version": "1.0"
                  }
                ]
              }
            ],
            "resource_group_name": "rgtwcus0cloudresume1",
            "routing": [],
            "sas_policy": [],
            "secondary_access_key": "yPT9uQodiZeKwE4F4zfQoUKluovrn9b6TMQFTiz2MHc4fk8+uDKyHsSn3nx2+9FcXsspTWoJY6HQ+AStHAZ5OQ==",
            "secondary_blob_connection_string": "",
            "secondary_blob_endpoint": null,
            "secondary_blob_host": null,
            "secondary_blob_internet_endpoint": null,
            "secondary_blob_internet_host": null,
            "secondary_blob_microsoft_endpoint": null,
            "secondary_blob_microsoft_host": null,
            "secondary_connection_string": "DefaultEndpointsProtocol=https;AccountName=sttwcus0cloudresume1;AccountKey=yPT9uQodiZeKwE4F4zfQoUKluovrn9b6TMQFTiz2MHc4fk8+uDKyHsSn3nx2+9FcXsspTWoJY6HQ+AStHAZ5OQ==;EndpointSuffix=core.windows.net",
            "secondary_dfs_endpoint": null,
            "secondary_dfs_host": null,
            "secondary_dfs_internet_endpoint": null,
            "secondary_dfs_internet_host": null,
            "secondary_dfs_microsoft_endpoint": null,
            "secondary_dfs_microsoft_host": null,
            "secondary_file_endpoint": null,
            "secondary_file_host": null,
            "secondary_file_internet_endpoint": null,
            "secondary_file_internet_host": null,
            "secondary_file_microsoft_endpoint": null,
            "secondary_file_microsoft_host": null,
            "secondary_location": "eastus2",
            "secondary_queue_endpoint": null,
            "secondary_queue_host": null,
            "secondary_queue_microsoft_endpoint": null,
            "secondary_queue_microsoft_host": null,
            "secondary_table_endpoint": null,
            "secondary_table_host": null,
            "secondary_table_microsoft_endpoint": null,
            "secondary_table_microsoft_host": null,
            "secondary_web_endpoint": null,
            "secondary_web_host": null,
            "secondary_web_internet_endpoint": null,
            "secondary_web_internet_host": null,
            "secondary_web_microsoft_endpoint": null,
            "secondary_web_microsoft_host": null,
            "sftp_enabled": false,
            "share_properties": [
              {
                "cors_rule": [],
                "retention_policy": [
                  {
                    "days": 7
                  }
                ],
                "smb": []
              }
            ],
            "shared_access_key_enabled": true,
            "static_website": [
              {
                "error_404_document": "",
                "index_document": "index.html"
              }
            ],
            "table_encryption_key_type": "Service",
            "tags": {
              "Environment": "Prod",
              "Project": "Cloud Resume Challenge",
              "Team": "DevOps"
            },
            "timeouts": null
          },
          "sensitive_attributes": [],
          "private": "eyJlMmJmYjczMC1lY2FhLTExZTYtOGY4OC0zNDM2M2JjN2M0YzAiOnsiY3JlYXRlIjozNjAwMDAwMDAwMDAwLCJkZWxldGUiOjM2MDAwMDAwMDAwMDAsInJlYWQiOjMwMDAwMDAwMDAwMCwidXBkYXRlIjozNjAwMDAwMDAwMDAwfSwic2NoZW1hX3ZlcnNpb24iOiI0In0=",
          "dependencies": [
            "azurerm_resource_group.rg"
          ]
        }
      ]
    },
    {
      "mode": "managed",
      "type": "azurerm_storage_table",
      "name": "example",
      "provider": "provider[\"registry.terraform.io/hashicorp/azurerm\"]",
      "instances": [
        {
          "schema_version": 2,
          "attributes": {
            "acl": [],
            "id": "https://sttwcus0cloudresume1.table.core.windows.net/Tables('ResumeCounter')",
            "name": "ResumeCounter",
            "storage_account_name": "sttwcus0cloudresume1",
            "timeouts": null
          },
          "sensitive_attributes": [],
          "private": "eyJlMmJmYjczMC1lY2FhLTExZTYtOGY4OC0zNDM2M2JjN2M0YzAiOnsiY3JlYXRlIjoxODAwMDAwMDAwMDAwLCJkZWxldGUiOjE4MDAwMDAwMDAwMDAsInJlYWQiOjMwMDAwMDAwMDAwMCwidXBkYXRlIjoxODAwMDAwMDAwMDAwfSwic2NoZW1hX3ZlcnNpb24iOiIyIn0=",
          "dependencies": [
            "azurerm_resource_group.rg",
            "azurerm_storage_account.st"
          ]
        }
      ]
    },
    {
      "mode": "managed",
      "type": "azurerm_virtual_network",
      "name": "vnet",
      "provider": "provider[\"registry.terraform.io/hashicorp/azurerm\"]",
      "instances": [
        {
          "schema_version": 0,
          "attributes": {
            "address_space": [
              "10.0.0.0/16"
            ],
            "bgp_community": "",
            "ddos_protection_plan": [],
            "dns_servers": [],
            "edge_zone": "",
            "encryption": [],
            "flow_timeout_in_minutes": 0,
            "guid": "30cf1df4-aa0e-4d53-a7da-db4f24b3f79a",
            "id": "/subscriptions/c8bf815a-c370-4cbf-932f-c6d7340752f6/resourceGroups/rgtwcus0cloudresume1/providers/Microsoft.Network/virtualNetworks/vnettwcus0cloudresume1",
            "location": "centralus",
            "name": "vnettwcus0cloudresume1",
            "resource_group_name": "rgtwcus0cloudresume1",
            "subnet": [],
            "tags": {
              "Environment": "Prod",
              "Project": "Cloud Resume Challenge",
              "Team": "DevOps"
            },
            "timeouts": null
          },
          "sensitive_attributes": [],
          "private": "eyJlMmJmYjczMC1lY2FhLTExZTYtOGY4OC0zNDM2M2JjN2M0YzAiOnsiY3JlYXRlIjoxODAwMDAwMDAwMDAwLCJkZWxldGUiOjE4MDAwMDAwMDAwMDAsInJlYWQiOjMwMDAwMDAwMDAwMCwidXBkYXRlIjoxODAwMDAwMDAwMDAwfX0=",
          "dependencies": [
            "azurerm_resource_group.rg"
          ]
        }
      ]
    }
  ],
  "check_results": null
}
